
Microsoft Visual Studio Solution File, Format Version 12.00
# Visual Studio Version 16
VisualStudioVersion = 16.0.31613.86
MinimumVisualStudioVersion = 10.0.40219.1
Project("{FAE04EC0-301F-11D3-BF4B-00C04F79EFBC}") = "MVVMSQLite.Android", "MVVMSQLite\MVVMSQLite.Android\MVVMSQLite.Android.csproj", "{205D7F41-B073-41D8-B7AF-98CF6BD597E8}"
EndProject
Project("{FAE04EC0-301F-11D3-BF4B-00C04F79EFBC}") = "MVVMSQLite", "MVVMSQLite\MVVMSQLite\MVVMSQLite.csproj", "{B474D142-9914-46B9-B5BC-B1F0C39E1AC2}"
EndProject
Global
	GlobalSection(SolutionConfigurationPlatforms) = preSolution
		Debug|Any CPU = Debug|Any CPU
		Release|Any CPU = Release|Any CPU
	EndGlobalSection
	GlobalSection(ProjectConfigurationPlatforms) = postSolution
		{205D7F41-B073-41D8-B7AF-98CF6BD597E8}.Debug|Any CPU.ActiveCfg = Debug|Any CPU
		{205D7F41-B073-41D8-B7AF-98CF6BD597E8}.Debug|Any CPU.Build.0 = Debug|Any CPU
		{205D7F41-B073-41D8-B7AF-98CF6BD597E8}.Debug|Any CPU.Deploy.0 = Debug|Any CPU
		{205D7F41-B073-41D8-B7AF-98CF6BD597E8}.Release|Any CPU.ActiveCfg = Release|Any CPU
		{205D7F41-B073-41D8-B7AF-98CF6BD597E8}.Release|Any CPU.Build.0 = Release|Any CPU
		{205D7F41-B073-41D8-B7AF-98CF6BD597E8}.Release|Any CPU.Deploy.0 = Release|Any CPU
		{B474D142-9914-46B9-B5BC-B1F0C39E1AC2}.Debug|Any CPU.ActiveCfg = Debug|Any CPU
		{B474D142-9914-46B9-B5BC-B1F0C39E1AC2}.Debug|Any CPU.Build.0 = Debug|Any CPU
		{B474D142-9914-46B9-B5BC-B1F0C39E1AC2}.Debug|Any CPU.Deploy.0 = Debug|Any CPU
		{B474D142-9914-46B9-B5BC-B1F0C39E1AC2}.Release|Any CPU.ActiveCfg = Release|Any CPU
		{B474D142-9914-46B9-B5BC-B1F0C39E1AC2}.Release|Any CPU.Build.0 = Release|Any CPU
		{B474D142-9914-46B9-B5BC-B1F0C39E1AC2}.Release|Any CPU.Deploy.0 = Release|Any CPU
	EndGlobalSection
	GlobalSection(SolutionProperties) = preSolution
		HideSolutionNode = FALSE
	EndGlobalSection
	GlobalSection(ExtensibilityGlobals) = postSolution
		SolutionGuid = {D7E6159D-EBDF-4D1B-8102-ADEE59D75E5F}
	EndGlobalSection
EndGlobal
